
Microsoft Visual Studio Solution File, Format Version 12.00
# Visual Studio Version 17
VisualStudioVersion = 17.6.33829.357
MinimumVisualStudioVersion = 10.0.40219.1
Project("{9A19103F-16F7-4668-BE54-9A1E7A4F7556}") = "Saharaviewpoint.API", "Saharaviewpoint.API\Saharaviewpoint.API.csproj", "{99A0F4F1-D9D3-4ECA-AF68-D064AB05EC02}"
EndProject
Project("{9A19103F-16F7-4668-BE54-9A1E7A4F7556}") = "Saharaviewpoint.Core", "Saharaviewpoint.Core\Saharaviewpoint.Core.csproj", "{178A9CCA-C579-4FBE-B240-CF9B67916726}"
EndProject
Project("{2150E333-8FDC-42A3-9474-1A3956D46DE8}") = "Solution Items", "Solution Items", "{8FE903F2-DB15-40AC-B7FA-57C53D4C41EC}"
	ProjectSection(SolutionItems) = preProject
		.editorconfig = .editorconfig
	EndProjectSection
EndProject
Global
	GlobalSection(SolutionConfigurationPlatforms) = preSolution
		Debug|Any CPU = Debug|Any CPU
		Release|Any CPU = Release|Any CPU
	EndGlobalSection
	GlobalSection(ProjectConfigurationPlatforms) = postSolution
		{99A0F4F1-D9D3-4ECA-AF68-D064AB05EC02}.Debug|Any CPU.ActiveCfg = Debug|Any CPU
		{99A0F4F1-D9D3-4ECA-AF68-D064AB05EC02}.Debug|Any CPU.Build.0 = Debug|Any CPU
		{99A0F4F1-D9D3-4ECA-AF68-D064AB05EC02}.Release|Any CPU.ActiveCfg = Release|Any CPU
		{99A0F4F1-D9D3-4ECA-AF68-D064AB05EC02}.Release|Any CPU.Build.0 = Release|Any CPU
		{178A9CCA-C579-4FBE-B240-CF9B67916726}.Debug|Any CPU.ActiveCfg = Debug|Any CPU
		{178A9CCA-C579-4FBE-B240-CF9B67916726}.Debug|Any CPU.Build.0 = Debug|Any CPU
		{178A9CCA-C579-4FBE-B240-CF9B67916726}.Release|Any CPU.ActiveCfg = Release|Any CPU
		{178A9CCA-C579-4FBE-B240-CF9B67916726}.Release|Any CPU.Build.0 = Release|Any CPU
	EndGlobalSection
	GlobalSection(SolutionProperties) = preSolution
		HideSolutionNode = FALSE
	EndGlobalSection
	GlobalSection(ExtensibilityGlobals) = postSolution
		SolutionGuid = {A1422A9F-0301-4E16-B060-8F1CA59077C5}
	EndGlobalSection
EndGlobal
