
Microsoft Visual Studio Solution File, Format Version 12.00
# Visual Studio Version 17
VisualStudioVersion = 17.6.33829.357
MinimumVisualStudioVersion = 10.0.40219.1
Project("{FAE04EC0-301F-11D3-BF4B-00C04F79EFBC}") = "Shareviewpoint.API", "Shareviewpoint.API\Shareviewpoint.API.csproj", "{C9C54FC1-0FA9-4B87-8D3F-BD8349EDAD4F}"
EndProject
Project("{FAE04EC0-301F-11D3-BF4B-00C04F79EFBC}") = "Shareviewpoint.Core", "Shareviewpoint.Core\Shareviewpoint.Core.csproj", "{C13D1493-DCFE-4E7C-A38A-592A984DFE46}"
EndProject
Global
	GlobalSection(SolutionConfigurationPlatforms) = preSolution
		Debug|Any CPU = Debug|Any CPU
		Release|Any CPU = Release|Any CPU
	EndGlobalSection
	GlobalSection(ProjectConfigurationPlatforms) = postSolution
		{C9C54FC1-0FA9-4B87-8D3F-BD8349EDAD4F}.Debug|Any CPU.ActiveCfg = Debug|Any CPU
		{C9C54FC1-0FA9-4B87-8D3F-BD8349EDAD4F}.Debug|Any CPU.Build.0 = Debug|Any CPU
		{C9C54FC1-0FA9-4B87-8D3F-BD8349EDAD4F}.Release|Any CPU.ActiveCfg = Release|Any CPU
		{C9C54FC1-0FA9-4B87-8D3F-BD8349EDAD4F}.Release|Any CPU.Build.0 = Release|Any CPU
		{C13D1493-DCFE-4E7C-A38A-592A984DFE46}.Debug|Any CPU.ActiveCfg = Debug|Any CPU
		{C13D1493-DCFE-4E7C-A38A-592A984DFE46}.Debug|Any CPU.Build.0 = Debug|Any CPU
		{C13D1493-DCFE-4E7C-A38A-592A984DFE46}.Release|Any CPU.ActiveCfg = Release|Any CPU
		{C13D1493-DCFE-4E7C-A38A-592A984DFE46}.Release|Any CPU.Build.0 = Release|Any CPU
	EndGlobalSection
	GlobalSection(SolutionProperties) = preSolution
		HideSolutionNode = FALSE
	EndGlobalSection
	GlobalSection(ExtensibilityGlobals) = postSolution
		SolutionGuid = {A1422A9F-0301-4E16-B060-8F1CA59077C5}
	EndGlobalSection
EndGlobal
